
Microsoft Visual Studio Solution File, Format Version 12.00
# Visual Studio Version 17
VisualStudioVersion = 17.1.32328.378
MinimumVisualStudioVersion = 10.0.40219.1
Project("{FAE04EC0-301F-11D3-BF4B-00C04F79EFBC}") = "AspNetCoreUseIdGen", "AspNetCoreUseIdGen\AspNetCoreUseIdGen.csproj", "{252EE360-7142-469F-B616-E45A0A73F564}"
EndProject
Global
	GlobalSection(SolutionConfigurationPlatforms) = preSolution
		Debug|Any CPU = Debug|Any CPU
		Release|Any CPU = Release|Any CPU
	EndGlobalSection
	GlobalSection(ProjectConfigurationPlatforms) = postSolution
		{252EE360-7142-469F-B616-E45A0A73F564}.Debug|Any CPU.ActiveCfg = Debug|Any CPU
		{252EE360-7142-469F-B616-E45A0A73F564}.Debug|Any CPU.Build.0 = Debug|Any CPU
		{252EE360-7142-469F-B616-E45A0A73F564}.Release|Any CPU.ActiveCfg = Release|Any CPU
		{252EE360-7142-469F-B616-E45A0A73F564}.Release|Any CPU.Build.0 = Release|Any CPU
	EndGlobalSection
	GlobalSection(SolutionProperties) = preSolution
		HideSolutionNode = FALSE
	EndGlobalSection
	GlobalSection(ExtensibilityGlobals) = postSolution
		SolutionGuid = {B842A548-54E8-45C0-84A1-34736994969B}
	EndGlobalSection
EndGlobal
